
Microsoft Visual Studio Solution File, Format Version 12.00
Project("{FAE04EC0-301F-11D3-BF4B-00C04F79EFBC}") = "Web.PrimeNumbers", "Web.PrimeNumbers\Web.PrimeNumbers.csproj", "{C550E751-FD64-4C9B-82E4-666AAB744090}"
EndProject
Project("{FAE04EC0-301F-11D3-BF4B-00C04F79EFBC}") = "Test.PrimeNumbers", "Test.PrimeNumbers\Test.PrimeNumbers.csproj", "{07CA26E1-9846-4770-95B1-51DB45BCB096}"
EndProject
Global
	GlobalSection(SolutionConfigurationPlatforms) = preSolution
		Debug|Any CPU = Debug|Any CPU
		Release|Any CPU = Release|Any CPU
	EndGlobalSection
	GlobalSection(ProjectConfigurationPlatforms) = postSolution
		{C550E751-FD64-4C9B-82E4-666AAB744090}.Debug|Any CPU.ActiveCfg = Debug|Any CPU
		{C550E751-FD64-4C9B-82E4-666AAB744090}.Debug|Any CPU.Build.0 = Debug|Any CPU
		{C550E751-FD64-4C9B-82E4-666AAB744090}.Release|Any CPU.ActiveCfg = Release|Any CPU
		{C550E751-FD64-4C9B-82E4-666AAB744090}.Release|Any CPU.Build.0 = Release|Any CPU
		{07CA26E1-9846-4770-95B1-51DB45BCB096}.Debug|Any CPU.ActiveCfg = Debug|Any CPU
		{07CA26E1-9846-4770-95B1-51DB45BCB096}.Debug|Any CPU.Build.0 = Debug|Any CPU
		{07CA26E1-9846-4770-95B1-51DB45BCB096}.Release|Any CPU.ActiveCfg = Release|Any CPU
		{07CA26E1-9846-4770-95B1-51DB45BCB096}.Release|Any CPU.Build.0 = Release|Any CPU
	EndGlobalSection
EndGlobal
