
Microsoft Visual Studio Solution File, Format Version 12.00
Project("{FAE04EC0-301F-11D3-BF4B-00C04F79EFBC}") = "Library", "Library\Library.csproj", "{E1C6EDFC-7ECA-4608-BB12-14742B0A99C0}"
EndProject
Project("{FAE04EC0-301F-11D3-BF4B-00C04F79EFBC}") = "Task1_1", "Task1_1\Task1_1.csproj", "{231742ED-01EE-4AC1-8384-D9040CD5818B}"
EndProject
Project("{FAE04EC0-301F-11D3-BF4B-00C04F79EFBC}") = "Task1_2", "Task1_2\Task1_2.csproj", "{A42B71A6-1D7D-4997-BF05-0642A0436C1E}"
EndProject
Project("{FAE04EC0-301F-11D3-BF4B-00C04F79EFBC}") = "Task1_3", "Task1_3\Task1_3.csproj", "{3AE79BDF-89CC-46AC-9018-C75D16F4616A}"
EndProject
Project("{FAE04EC0-301F-11D3-BF4B-00C04F79EFBC}") = "Task1_4", "Task1_4\Task1_4.csproj", "{885D8B6D-D155-4DAB-9505-80920C00621F}"
EndProject
Project("{FAE04EC0-301F-11D3-BF4B-00C04F79EFBC}") = "Task1_5", "Task1_5\Task1_5.csproj", "{1BDE8886-96D2-4797-B919-164BCEA6C0FD}"
EndProject
Project("{FAE04EC0-301F-11D3-BF4B-00C04F79EFBC}") = "Task1_6", "Task1_6\Task1_6.csproj", "{A5CE3E79-9047-4C60-92C9-5CBA5FE084BD}"
EndProject
Project("{FAE04EC0-301F-11D3-BF4B-00C04F79EFBC}") = "Task2_1", "Task2_1\Task2_1.csproj", "{9061E397-5820-4D50-BA9C-F18F6ADE72E3}"
EndProject
Project("{FAE04EC0-301F-11D3-BF4B-00C04F79EFBC}") = "Task2_2", "Task2_2\Task2_2.csproj", "{0E664DC6-7FE7-4293-BC53-7D5A35F8D486}"
EndProject
Project("{FAE04EC0-301F-11D3-BF4B-00C04F79EFBC}") = "Task3_1", "Task3_1\Task3_1.csproj", "{6D862C78-E771-4A0D-819F-CE417F4E391D}"
EndProject
Project("{FAE04EC0-301F-11D3-BF4B-00C04F79EFBC}") = "Task3_2", "Task3_2\Task3_2.csproj", "{5E151590-1D0D-4E12-94B1-F5703977F38E}"
EndProject
Project("{FAE04EC0-301F-11D3-BF4B-00C04F79EFBC}") = "Task3_3", "Task3_3\Task3_3.csproj", "{9829F79C-8117-41ED-A637-2208C8ACD862}"
EndProject
Project("{FAE04EC0-301F-11D3-BF4B-00C04F79EFBC}") = "Task4_1", "Task4_1\Task4_1.csproj", "{D990B0AE-F5AC-4B43-9D32-1196A362635F}"
EndProject
Project("{FAE04EC0-301F-11D3-BF4B-00C04F79EFBC}") = "Task4_2", "Task4_2\Task4_2.csproj", "{DA986041-7130-4935-A923-BF66515EE066}"
EndProject
Project("{FAE04EC0-301F-11D3-BF4B-00C04F79EFBC}") = "Task4_3", "Task4_3\Task4_3.csproj", "{FEEC5E50-1F22-4D56-B30D-FFFA7B239329}"
EndProject
Global
	GlobalSection(SolutionConfigurationPlatforms) = preSolution
		Debug|Any CPU = Debug|Any CPU
		Release|Any CPU = Release|Any CPU
	EndGlobalSection
	GlobalSection(ProjectConfigurationPlatforms) = postSolution
		{E1C6EDFC-7ECA-4608-BB12-14742B0A99C0}.Debug|Any CPU.ActiveCfg = Debug|Any CPU
		{E1C6EDFC-7ECA-4608-BB12-14742B0A99C0}.Debug|Any CPU.Build.0 = Debug|Any CPU
		{E1C6EDFC-7ECA-4608-BB12-14742B0A99C0}.Release|Any CPU.ActiveCfg = Release|Any CPU
		{E1C6EDFC-7ECA-4608-BB12-14742B0A99C0}.Release|Any CPU.Build.0 = Release|Any CPU
		{231742ED-01EE-4AC1-8384-D9040CD5818B}.Debug|Any CPU.ActiveCfg = Debug|Any CPU
		{231742ED-01EE-4AC1-8384-D9040CD5818B}.Debug|Any CPU.Build.0 = Debug|Any CPU
		{231742ED-01EE-4AC1-8384-D9040CD5818B}.Release|Any CPU.ActiveCfg = Release|Any CPU
		{231742ED-01EE-4AC1-8384-D9040CD5818B}.Release|Any CPU.Build.0 = Release|Any CPU
		{A42B71A6-1D7D-4997-BF05-0642A0436C1E}.Debug|Any CPU.ActiveCfg = Debug|Any CPU
		{A42B71A6-1D7D-4997-BF05-0642A0436C1E}.Debug|Any CPU.Build.0 = Debug|Any CPU
		{A42B71A6-1D7D-4997-BF05-0642A0436C1E}.Release|Any CPU.ActiveCfg = Release|Any CPU
		{A42B71A6-1D7D-4997-BF05-0642A0436C1E}.Release|Any CPU.Build.0 = Release|Any CPU
		{3AE79BDF-89CC-46AC-9018-C75D16F4616A}.Debug|Any CPU.ActiveCfg = Debug|Any CPU
		{3AE79BDF-89CC-46AC-9018-C75D16F4616A}.Debug|Any CPU.Build.0 = Debug|Any CPU
		{3AE79BDF-89CC-46AC-9018-C75D16F4616A}.Release|Any CPU.ActiveCfg = Release|Any CPU
		{3AE79BDF-89CC-46AC-9018-C75D16F4616A}.Release|Any CPU.Build.0 = Release|Any CPU
		{885D8B6D-D155-4DAB-9505-80920C00621F}.Debug|Any CPU.ActiveCfg = Debug|Any CPU
		{885D8B6D-D155-4DAB-9505-80920C00621F}.Debug|Any CPU.Build.0 = Debug|Any CPU
		{885D8B6D-D155-4DAB-9505-80920C00621F}.Release|Any CPU.ActiveCfg = Release|Any CPU
		{885D8B6D-D155-4DAB-9505-80920C00621F}.Release|Any CPU.Build.0 = Release|Any CPU
		{1BDE8886-96D2-4797-B919-164BCEA6C0FD}.Debug|Any CPU.ActiveCfg = Debug|Any CPU
		{1BDE8886-96D2-4797-B919-164BCEA6C0FD}.Debug|Any CPU.Build.0 = Debug|Any CPU
		{1BDE8886-96D2-4797-B919-164BCEA6C0FD}.Release|Any CPU.ActiveCfg = Release|Any CPU
		{1BDE8886-96D2-4797-B919-164BCEA6C0FD}.Release|Any CPU.Build.0 = Release|Any CPU
		{A5CE3E79-9047-4C60-92C9-5CBA5FE084BD}.Debug|Any CPU.ActiveCfg = Debug|Any CPU
		{A5CE3E79-9047-4C60-92C9-5CBA5FE084BD}.Debug|Any CPU.Build.0 = Debug|Any CPU
		{A5CE3E79-9047-4C60-92C9-5CBA5FE084BD}.Release|Any CPU.ActiveCfg = Release|Any CPU
		{A5CE3E79-9047-4C60-92C9-5CBA5FE084BD}.Release|Any CPU.Build.0 = Release|Any CPU
		{9061E397-5820-4D50-BA9C-F18F6ADE72E3}.Debug|Any CPU.ActiveCfg = Debug|Any CPU
		{9061E397-5820-4D50-BA9C-F18F6ADE72E3}.Debug|Any CPU.Build.0 = Debug|Any CPU
		{9061E397-5820-4D50-BA9C-F18F6ADE72E3}.Release|Any CPU.ActiveCfg = Release|Any CPU
		{9061E397-5820-4D50-BA9C-F18F6ADE72E3}.Release|Any CPU.Build.0 = Release|Any CPU
		{0E664DC6-7FE7-4293-BC53-7D5A35F8D486}.Debug|Any CPU.ActiveCfg = Debug|Any CPU
		{0E664DC6-7FE7-4293-BC53-7D5A35F8D486}.Debug|Any CPU.Build.0 = Debug|Any CPU
		{0E664DC6-7FE7-4293-BC53-7D5A35F8D486}.Release|Any CPU.ActiveCfg = Release|Any CPU
		{0E664DC6-7FE7-4293-BC53-7D5A35F8D486}.Release|Any CPU.Build.0 = Release|Any CPU
		{6D862C78-E771-4A0D-819F-CE417F4E391D}.Debug|Any CPU.ActiveCfg = Debug|Any CPU
		{6D862C78-E771-4A0D-819F-CE417F4E391D}.Debug|Any CPU.Build.0 = Debug|Any CPU
		{6D862C78-E771-4A0D-819F-CE417F4E391D}.Release|Any CPU.ActiveCfg = Release|Any CPU
		{6D862C78-E771-4A0D-819F-CE417F4E391D}.Release|Any CPU.Build.0 = Release|Any CPU
		{5E151590-1D0D-4E12-94B1-F5703977F38E}.Debug|Any CPU.ActiveCfg = Debug|Any CPU
		{5E151590-1D0D-4E12-94B1-F5703977F38E}.Debug|Any CPU.Build.0 = Debug|Any CPU
		{5E151590-1D0D-4E12-94B1-F5703977F38E}.Release|Any CPU.ActiveCfg = Release|Any CPU
		{5E151590-1D0D-4E12-94B1-F5703977F38E}.Release|Any CPU.Build.0 = Release|Any CPU
		{9829F79C-8117-41ED-A637-2208C8ACD862}.Debug|Any CPU.ActiveCfg = Debug|Any CPU
		{9829F79C-8117-41ED-A637-2208C8ACD862}.Debug|Any CPU.Build.0 = Debug|Any CPU
		{9829F79C-8117-41ED-A637-2208C8ACD862}.Release|Any CPU.ActiveCfg = Release|Any CPU
		{9829F79C-8117-41ED-A637-2208C8ACD862}.Release|Any CPU.Build.0 = Release|Any CPU
		{D990B0AE-F5AC-4B43-9D32-1196A362635F}.Debug|Any CPU.ActiveCfg = Debug|Any CPU
		{D990B0AE-F5AC-4B43-9D32-1196A362635F}.Debug|Any CPU.Build.0 = Debug|Any CPU
		{D990B0AE-F5AC-4B43-9D32-1196A362635F}.Release|Any CPU.ActiveCfg = Release|Any CPU
		{D990B0AE-F5AC-4B43-9D32-1196A362635F}.Release|Any CPU.Build.0 = Release|Any CPU
		{DA986041-7130-4935-A923-BF66515EE066}.Debug|Any CPU.ActiveCfg = Debug|Any CPU
		{DA986041-7130-4935-A923-BF66515EE066}.Debug|Any CPU.Build.0 = Debug|Any CPU
		{DA986041-7130-4935-A923-BF66515EE066}.Release|Any CPU.ActiveCfg = Release|Any CPU
		{DA986041-7130-4935-A923-BF66515EE066}.Release|Any CPU.Build.0 = Release|Any CPU
		{FEEC5E50-1F22-4D56-B30D-FFFA7B239329}.Debug|Any CPU.ActiveCfg = Debug|Any CPU
		{FEEC5E50-1F22-4D56-B30D-FFFA7B239329}.Debug|Any CPU.Build.0 = Debug|Any CPU
		{FEEC5E50-1F22-4D56-B30D-FFFA7B239329}.Release|Any CPU.ActiveCfg = Release|Any CPU
		{FEEC5E50-1F22-4D56-B30D-FFFA7B239329}.Release|Any CPU.Build.0 = Release|Any CPU
	EndGlobalSection
EndGlobal
