
Microsoft Visual Studio Solution File, Format Version 12.00
Project("{FAE04EC0-301F-11D3-BF4B-00C04F79EFBC}") = "WebPrimesNumbers", "WebPrimesNumbers.csproj", "{24852A09-5113-49FA-B1D1-DAA302F5790F}"
EndProject
Global
	GlobalSection(SolutionConfigurationPlatforms) = preSolution
		Debug|Any CPU = Debug|Any CPU
		Release|Any CPU = Release|Any CPU
	EndGlobalSection
	GlobalSection(ProjectConfigurationPlatforms) = postSolution
		{24852A09-5113-49FA-B1D1-DAA302F5790F}.Debug|Any CPU.ActiveCfg = Debug|Any CPU
		{24852A09-5113-49FA-B1D1-DAA302F5790F}.Debug|Any CPU.Build.0 = Debug|Any CPU
		{24852A09-5113-49FA-B1D1-DAA302F5790F}.Release|Any CPU.ActiveCfg = Release|Any CPU
		{24852A09-5113-49FA-B1D1-DAA302F5790F}.Release|Any CPU.Build.0 = Release|Any CPU
	EndGlobalSection
EndGlobal
